
Microsoft Visual Studio Solution File, Format Version 12.00
# Visual Studio 15
VisualStudioVersion = 15.0.28307.960
MinimumVisualStudioVersion = 10.0.40219.1
Project("{FAE04EC0-301F-11D3-BF4B-00C04F79EFBC}") = "Sorrq", "Sorrq\Sorrq.csproj", "{FECB6F4E-D991-44C0-8686-778A942F73E5}"
EndProject
Global
	GlobalSection(SolutionConfigurationPlatforms) = preSolution
		Debug|Any CPU = Debug|Any CPU
		Release|Any CPU = Release|Any CPU
	EndGlobalSection
	GlobalSection(ProjectConfigurationPlatforms) = postSolution
		{FECB6F4E-D991-44C0-8686-778A942F73E5}.Debug|Any CPU.ActiveCfg = Debug|Any CPU
		{FECB6F4E-D991-44C0-8686-778A942F73E5}.Debug|Any CPU.Build.0 = Debug|Any CPU
		{FECB6F4E-D991-44C0-8686-778A942F73E5}.Release|Any CPU.ActiveCfg = Release|Any CPU
		{FECB6F4E-D991-44C0-8686-778A942F73E5}.Release|Any CPU.Build.0 = Release|Any CPU
	EndGlobalSection
	GlobalSection(SolutionProperties) = preSolution
		HideSolutionNode = FALSE
	EndGlobalSection
	GlobalSection(ExtensibilityGlobals) = postSolution
		SolutionGuid = {8CAC5386-7EBA-45F9-B086-13C6B3AA7651}
	EndGlobalSection
EndGlobal
